
Microsoft Visual Studio Solution File, Format Version 12.00
# Visual Studio Version 17
VisualStudioVersion = 17.8.34330.188
MinimumVisualStudioVersion = 10.0.40219.1
Project("{FAE04EC0-301F-11D3-BF4B-00C04F79EFBC}") = "exercicio01", "exercicio01\exercicio01.csproj", "{B3792E4D-02E6-45DE-8744-CA7DA5D6A694}"
EndProject
Global
	GlobalSection(SolutionConfigurationPlatforms) = preSolution
		Debug|Any CPU = Debug|Any CPU
		Release|Any CPU = Release|Any CPU
	EndGlobalSection
	GlobalSection(ProjectConfigurationPlatforms) = postSolution
		{B3792E4D-02E6-45DE-8744-CA7DA5D6A694}.Debug|Any CPU.ActiveCfg = Debug|Any CPU
		{B3792E4D-02E6-45DE-8744-CA7DA5D6A694}.Debug|Any CPU.Build.0 = Debug|Any CPU
		{B3792E4D-02E6-45DE-8744-CA7DA5D6A694}.Release|Any CPU.ActiveCfg = Release|Any CPU
		{B3792E4D-02E6-45DE-8744-CA7DA5D6A694}.Release|Any CPU.Build.0 = Release|Any CPU
	EndGlobalSection
	GlobalSection(SolutionProperties) = preSolution
		HideSolutionNode = FALSE
	EndGlobalSection
	GlobalSection(ExtensibilityGlobals) = postSolution
		SolutionGuid = {91D3B505-B3E0-4735-B1B1-DBA47E07A837}
	EndGlobalSection
EndGlobal
