
Microsoft Visual Studio Solution File, Format Version 12.00
# Visual Studio Version 17
VisualStudioVersion = 17.8.34330.188
MinimumVisualStudioVersion = 10.0.40219.1
Project("{FAE04EC0-301F-11D3-BF4B-00C04F79EFBC}") = "exercicio06", "exercicio06\exercicio06.csproj", "{13C800F3-6F85-4C5E-906A-2C0ADA91880B}"
EndProject
Global
	GlobalSection(SolutionConfigurationPlatforms) = preSolution
		Debug|Any CPU = Debug|Any CPU
		Release|Any CPU = Release|Any CPU
	EndGlobalSection
	GlobalSection(ProjectConfigurationPlatforms) = postSolution
		{13C800F3-6F85-4C5E-906A-2C0ADA91880B}.Debug|Any CPU.ActiveCfg = Debug|Any CPU
		{13C800F3-6F85-4C5E-906A-2C0ADA91880B}.Debug|Any CPU.Build.0 = Debug|Any CPU
		{13C800F3-6F85-4C5E-906A-2C0ADA91880B}.Release|Any CPU.ActiveCfg = Release|Any CPU
		{13C800F3-6F85-4C5E-906A-2C0ADA91880B}.Release|Any CPU.Build.0 = Release|Any CPU
	EndGlobalSection
	GlobalSection(SolutionProperties) = preSolution
		HideSolutionNode = FALSE
	EndGlobalSection
	GlobalSection(ExtensibilityGlobals) = postSolution
		SolutionGuid = {CF681461-EBC9-4688-B8FC-AC84539AE1B5}
	EndGlobalSection
EndGlobal
