
Microsoft Visual Studio Solution File, Format Version 12.00
# Visual Studio Version 17
VisualStudioVersion = 17.8.34330.188
MinimumVisualStudioVersion = 10.0.40219.1
Project("{FAE04EC0-301F-11D3-BF4B-00C04F79EFBC}") = "exercicio03", "exercicio03\exercicio03.csproj", "{D396E6F7-B07C-452B-AD35-01A702C115A1}"
EndProject
Global
	GlobalSection(SolutionConfigurationPlatforms) = preSolution
		Debug|Any CPU = Debug|Any CPU
		Release|Any CPU = Release|Any CPU
	EndGlobalSection
	GlobalSection(ProjectConfigurationPlatforms) = postSolution
		{D396E6F7-B07C-452B-AD35-01A702C115A1}.Debug|Any CPU.ActiveCfg = Debug|Any CPU
		{D396E6F7-B07C-452B-AD35-01A702C115A1}.Debug|Any CPU.Build.0 = Debug|Any CPU
		{D396E6F7-B07C-452B-AD35-01A702C115A1}.Release|Any CPU.ActiveCfg = Release|Any CPU
		{D396E6F7-B07C-452B-AD35-01A702C115A1}.Release|Any CPU.Build.0 = Release|Any CPU
	EndGlobalSection
	GlobalSection(SolutionProperties) = preSolution
		HideSolutionNode = FALSE
	EndGlobalSection
	GlobalSection(ExtensibilityGlobals) = postSolution
		SolutionGuid = {34E0AEA8-2CA0-48E2-ADC5-074EDB190985}
	EndGlobalSection
EndGlobal
