
Microsoft Visual Studio Solution File, Format Version 12.00
# Visual Studio Version 17
VisualStudioVersion = 17.8.34330.188
MinimumVisualStudioVersion = 10.0.40219.1
Project("{FAE04EC0-301F-11D3-BF4B-00C04F79EFBC}") = "exercicio04", "exercicio04\exercicio04.csproj", "{493BCEEF-6326-4317-AEBC-FEF69E8F0752}"
EndProject
Global
	GlobalSection(SolutionConfigurationPlatforms) = preSolution
		Debug|Any CPU = Debug|Any CPU
		Release|Any CPU = Release|Any CPU
	EndGlobalSection
	GlobalSection(ProjectConfigurationPlatforms) = postSolution
		{493BCEEF-6326-4317-AEBC-FEF69E8F0752}.Debug|Any CPU.ActiveCfg = Debug|Any CPU
		{493BCEEF-6326-4317-AEBC-FEF69E8F0752}.Debug|Any CPU.Build.0 = Debug|Any CPU
		{493BCEEF-6326-4317-AEBC-FEF69E8F0752}.Release|Any CPU.ActiveCfg = Release|Any CPU
		{493BCEEF-6326-4317-AEBC-FEF69E8F0752}.Release|Any CPU.Build.0 = Release|Any CPU
	EndGlobalSection
	GlobalSection(SolutionProperties) = preSolution
		HideSolutionNode = FALSE
	EndGlobalSection
	GlobalSection(ExtensibilityGlobals) = postSolution
		SolutionGuid = {BBE11569-C504-48D3-951D-44E9B566AB75}
	EndGlobalSection
EndGlobal
