
Microsoft Visual Studio Solution File, Format Version 12.00
# Visual Studio Version 17
VisualStudioVersion = 17.8.34330.188
MinimumVisualStudioVersion = 10.0.40219.1
Project("{FAE04EC0-301F-11D3-BF4B-00C04F79EFBC}") = "exercicio08", "exercicio08\exercicio08.csproj", "{24C53E86-7038-4EC9-A138-0E9F9E128CD6}"
EndProject
Global
	GlobalSection(SolutionConfigurationPlatforms) = preSolution
		Debug|Any CPU = Debug|Any CPU
		Release|Any CPU = Release|Any CPU
	EndGlobalSection
	GlobalSection(ProjectConfigurationPlatforms) = postSolution
		{24C53E86-7038-4EC9-A138-0E9F9E128CD6}.Debug|Any CPU.ActiveCfg = Debug|Any CPU
		{24C53E86-7038-4EC9-A138-0E9F9E128CD6}.Debug|Any CPU.Build.0 = Debug|Any CPU
		{24C53E86-7038-4EC9-A138-0E9F9E128CD6}.Release|Any CPU.ActiveCfg = Release|Any CPU
		{24C53E86-7038-4EC9-A138-0E9F9E128CD6}.Release|Any CPU.Build.0 = Release|Any CPU
	EndGlobalSection
	GlobalSection(SolutionProperties) = preSolution
		HideSolutionNode = FALSE
	EndGlobalSection
	GlobalSection(ExtensibilityGlobals) = postSolution
		SolutionGuid = {D3D7AE2F-8381-453D-8D7A-DF508D30FB99}
	EndGlobalSection
EndGlobal
