
Microsoft Visual Studio Solution File, Format Version 12.00
# Visual Studio Version 17
VisualStudioVersion = 17.8.34330.188
MinimumVisualStudioVersion = 10.0.40219.1
Project("{FAE04EC0-301F-11D3-BF4B-00C04F79EFBC}") = "exercicio05", "exercicio05\exercicio05.csproj", "{22C88D7D-1A23-44C3-92DB-74136FF6E3E9}"
EndProject
Global
	GlobalSection(SolutionConfigurationPlatforms) = preSolution
		Debug|Any CPU = Debug|Any CPU
		Release|Any CPU = Release|Any CPU
	EndGlobalSection
	GlobalSection(ProjectConfigurationPlatforms) = postSolution
		{22C88D7D-1A23-44C3-92DB-74136FF6E3E9}.Debug|Any CPU.ActiveCfg = Debug|Any CPU
		{22C88D7D-1A23-44C3-92DB-74136FF6E3E9}.Debug|Any CPU.Build.0 = Debug|Any CPU
		{22C88D7D-1A23-44C3-92DB-74136FF6E3E9}.Release|Any CPU.ActiveCfg = Release|Any CPU
		{22C88D7D-1A23-44C3-92DB-74136FF6E3E9}.Release|Any CPU.Build.0 = Release|Any CPU
	EndGlobalSection
	GlobalSection(SolutionProperties) = preSolution
		HideSolutionNode = FALSE
	EndGlobalSection
	GlobalSection(ExtensibilityGlobals) = postSolution
		SolutionGuid = {42B4D310-583E-4695-96AD-91B57216A52D}
	EndGlobalSection
EndGlobal
